// !$*UTF8*$!
{
	archiveVersion = 1;
	classes = {
	};
	objectVersion = 55;
	objects = {

/* Begin PBXBuildFile section */
		74213AE32793175700596410 /* MandamApp.swift in Sources */ = {isa = PBXBuildFile; fileRef = 74213AE22793175700596410 /* MandamApp.swift */; };
		74213AE52793175700596410 /* ContentView.swift in Sources */ = {isa = PBXBuildFile; fileRef = 74213AE42793175700596410 /* ContentView.swift */; };
		74213AE72793175B00596410 /* Assets.xcassets in Resources */ = {isa = PBXBuildFile; fileRef = 74213AE62793175B00596410 /* Assets.xcassets */; };
		74213AEA2793175B00596410 /* Preview Assets.xcassets in Resources */ = {isa = PBXBuildFile; fileRef = 74213AE92793175B00596410 /* Preview Assets.xcassets */; };
		74213AF127940F9100596410 /* ConversationView.swift in Sources */ = {isa = PBXBuildFile; fileRef = 74213AF027940F9100596410 /* ConversationView.swift */; };
		74213AF52794194E00596410 /* CommunityView.swift in Sources */ = {isa = PBXBuildFile; fileRef = 74213AF42794194E00596410 /* CommunityView.swift */; };
		74213AF72795572400596410 /* FilterView.swift in Sources */ = {isa = PBXBuildFile; fileRef = 74213AF62795572400596410 /* FilterView.swift */; };
		74213AF92795668500596410 /* SearchBar.swift in Sources */ = {isa = PBXBuildFile; fileRef = 74213AF82795668500596410 /* SearchBar.swift */; };
		743038AA27A66747006B05D5 /* FBLoginBtn.swift in Sources */ = {isa = PBXBuildFile; fileRef = 743038A927A66747006B05D5 /* FBLoginBtn.swift */; };
		743038AC27A8E744006B05D5 /* KakaoLoginBtn.swift in Sources */ = {isa = PBXBuildFile; fileRef = 743038AB27A8E744006B05D5 /* KakaoLoginBtn.swift */; };
		743038B627A900B3006B05D5 /* KakaoSDK in Frameworks */ = {isa = PBXBuildFile; productRef = 743038B527A900B3006B05D5 /* KakaoSDK */; };
		743038B827A900B3006B05D5 /* KakaoSDKAuth in Frameworks */ = {isa = PBXBuildFile; productRef = 743038B727A900B3006B05D5 /* KakaoSDKAuth */; };
		743038BA27A900B3006B05D5 /* KakaoSDKCommon in Frameworks */ = {isa = PBXBuildFile; productRef = 743038B927A900B3006B05D5 /* KakaoSDKCommon */; };
		743038BC27A900B3006B05D5 /* KakaoSDKUser in Frameworks */ = {isa = PBXBuildFile; productRef = 743038BB27A900B3006B05D5 /* KakaoSDKUser */; };
		743038BF27A90ACB006B05D5 /* Alamofire in Frameworks */ = {isa = PBXBuildFile; productRef = 743038BE27A90ACB006B05D5 /* Alamofire */; };
		7440838E27AFFEB700A9AD12 /* SelectedFilters+Enum.swift in Sources */ = {isa = PBXBuildFile; fileRef = 7440838D27AFFEB700A9AD12 /* SelectedFilters+Enum.swift */; };
		7440839127B0231D00A9AD12 /* BottomSheet in Frameworks */ = {isa = PBXBuildFile; productRef = 7440839027B0231D00A9AD12 /* BottomSheet */; };
		7440839427B294FA00A9AD12 /* ColorHex.swift in Sources */ = {isa = PBXBuildFile; fileRef = 7440839327B294FA00A9AD12 /* ColorHex.swift */; };
		74C4631127A513170005852C /* FacebookLogin in Frameworks */ = {isa = PBXBuildFile; productRef = 74C4631027A513170005852C /* FacebookLogin */; };
		74C4631327A5266A0005852C /* LoginView.swift in Sources */ = {isa = PBXBuildFile; fileRef = 74C4631227A5266A0005852C /* LoginView.swift */; };
		74D036D52798496A002FF1F6 /* ConversationRowView.swift in Sources */ = {isa = PBXBuildFile; fileRef = 74D036D42798496A002FF1F6 /* ConversationRowView.swift */; };
		74D036D727984DF3002FF1F6 /* ConversationRowSubView.swift in Sources */ = {isa = PBXBuildFile; fileRef = 74D036D627984DF3002FF1F6 /* ConversationRowSubView.swift */; };
		74D036D9279A56CE002FF1F6 /* CommunityRowView.swift in Sources */ = {isa = PBXBuildFile; fileRef = 74D036D8279A56CE002FF1F6 /* CommunityRowView.swift */; };
		74D036DB279BF725002FF1F6 /* SettingView.swift in Sources */ = {isa = PBXBuildFile; fileRef = 74D036DA279BF725002FF1F6 /* SettingView.swift */; };
		74D036DD279C07DA002FF1F6 /* AddOpinionView.swift in Sources */ = {isa = PBXBuildFile; fileRef = 74D036DC279C07DA002FF1F6 /* AddOpinionView.swift */; };
		F22FC54E0CBB1EC5098384C3 /* Pods_Mandam.framework in Frameworks */ = {isa = PBXBuildFile; fileRef = AC58D078E0CA503F3C352DAD /* Pods_Mandam.framework */; };
/* End PBXBuildFile section */

/* Begin PBXFileReference section */
		74213ADF2793175700596410 /* Mandam.app */ = {isa = PBXFileReference; explicitFileType = wrapper.application; includeInIndex = 0; path = Mandam.app; sourceTree = BUILT_PRODUCTS_DIR; };
		74213AE22793175700596410 /* MandamApp.swift */ = {isa = PBXFileReference; lastKnownFileType = sourcecode.swift; path = MandamApp.swift; sourceTree = "<group>"; };
		74213AE42793175700596410 /* ContentView.swift */ = {isa = PBXFileReference; lastKnownFileType = sourcecode.swift; path = ContentView.swift; sourceTree = "<group>"; };
		74213AE62793175B00596410 /* Assets.xcassets */ = {isa = PBXFileReference; lastKnownFileType = folder.assetcatalog; path = Assets.xcassets; sourceTree = "<group>"; };
		74213AE92793175B00596410 /* Preview Assets.xcassets */ = {isa = PBXFileReference; lastKnownFileType = folder.assetcatalog; path = "Preview Assets.xcassets"; sourceTree = "<group>"; };
		74213AF027940F9100596410 /* ConversationView.swift */ = {isa = PBXFileReference; lastKnownFileType = sourcecode.swift; path = ConversationView.swift; sourceTree = "<group>"; };
		74213AF42794194E00596410 /* CommunityView.swift */ = {isa = PBXFileReference; lastKnownFileType = sourcecode.swift; path = CommunityView.swift; sourceTree = "<group>"; };
		74213AF62795572400596410 /* FilterView.swift */ = {isa = PBXFileReference; lastKnownFileType = sourcecode.swift; path = FilterView.swift; sourceTree = "<group>"; };
		74213AF82795668500596410 /* SearchBar.swift */ = {isa = PBXFileReference; lastKnownFileType = sourcecode.swift; path = SearchBar.swift; sourceTree = "<group>"; };
		743038A927A66747006B05D5 /* FBLoginBtn.swift */ = {isa = PBXFileReference; lastKnownFileType = sourcecode.swift; path = FBLoginBtn.swift; sourceTree = "<group>"; };
		743038AB27A8E744006B05D5 /* KakaoLoginBtn.swift */ = {isa = PBXFileReference; lastKnownFileType = sourcecode.swift; path = KakaoLoginBtn.swift; sourceTree = "<group>"; };
		7440838D27AFFEB700A9AD12 /* SelectedFilters+Enum.swift */ = {isa = PBXFileReference; lastKnownFileType = sourcecode.swift; path = "SelectedFilters+Enum.swift"; sourceTree = "<group>"; };
		7440839327B294FA00A9AD12 /* ColorHex.swift */ = {isa = PBXFileReference; lastKnownFileType = sourcecode.swift; path = ColorHex.swift; sourceTree = "<group>"; };
		74C4631227A5266A0005852C /* LoginView.swift */ = {isa = PBXFileReference; lastKnownFileType = sourcecode.swift; path = LoginView.swift; sourceTree = "<group>"; };
		74C4631427A65BAE0005852C /* Info.plist */ = {isa = PBXFileReference; lastKnownFileType = text.plist; path = Info.plist; sourceTree = "<group>"; };
		74D036D42798496A002FF1F6 /* ConversationRowView.swift */ = {isa = PBXFileReference; lastKnownFileType = sourcecode.swift; path = ConversationRowView.swift; sourceTree = "<group>"; };
		74D036D627984DF3002FF1F6 /* ConversationRowSubView.swift */ = {isa = PBXFileReference; lastKnownFileType = sourcecode.swift; path = ConversationRowSubView.swift; sourceTree = "<group>"; };
		74D036D8279A56CE002FF1F6 /* CommunityRowView.swift */ = {isa = PBXFileReference; lastKnownFileType = sourcecode.swift; path = CommunityRowView.swift; sourceTree = "<group>"; };
		74D036DA279BF725002FF1F6 /* SettingView.swift */ = {isa = PBXFileReference; lastKnownFileType = sourcecode.swift; path = SettingView.swift; sourceTree = "<group>"; };
		74D036DC279C07DA002FF1F6 /* AddOpinionView.swift */ = {isa = PBXFileReference; lastKnownFileType = sourcecode.swift; path = AddOpinionView.swift; sourceTree = "<group>"; };
		AC58D078E0CA503F3C352DAD /* Pods_Mandam.framework */ = {isa = PBXFileReference; explicitFileType = wrapper.framework; includeInIndex = 0; path = Pods_Mandam.framework; sourceTree = BUILT_PRODUCTS_DIR; };
		D2B33A7B58E716CE2F269830 /* Pods-Mandam.release.xcconfig */ = {isa = PBXFileReference; includeInIndex = 1; lastKnownFileType = text.xcconfig; name = "Pods-Mandam.release.xcconfig"; path = "Target Support Files/Pods-Mandam/Pods-Mandam.release.xcconfig"; sourceTree = "<group>"; };
		FD7A1F651889A505E99C85F5 /* Pods-Mandam.debug.xcconfig */ = {isa = PBXFileReference; includeInIndex = 1; lastKnownFileType = text.xcconfig; name = "Pods-Mandam.debug.xcconfig"; path = "Target Support Files/Pods-Mandam/Pods-Mandam.debug.xcconfig"; sourceTree = "<group>"; };
/* End PBXFileReference section */

/* Begin PBXFrameworksBuildPhase section */
		74213ADC2793175700596410 /* Frameworks */ = {
			isa = PBXFrameworksBuildPhase;
			buildActionMask = 2147483647;
			files = (
				74C4631127A513170005852C /* FacebookLogin in Frameworks */,
				7440839127B0231D00A9AD12 /* BottomSheet in Frameworks */,
				743038BF27A90ACB006B05D5 /* Alamofire in Frameworks */,
				F22FC54E0CBB1EC5098384C3 /* Pods_Mandam.framework in Frameworks */,
				743038BC27A900B3006B05D5 /* KakaoSDKUser in Frameworks */,
				743038B627A900B3006B05D5 /* KakaoSDK in Frameworks */,
				743038BA27A900B3006B05D5 /* KakaoSDKCommon in Frameworks */,
				743038B827A900B3006B05D5 /* KakaoSDKAuth in Frameworks */,
			);
			runOnlyForDeploymentPostprocessing = 0;
		};
/* End PBXFrameworksBuildPhase section */

/* Begin PBXGroup section */
		59CC6258D840EC1281A112A0 /* Pods */ = {
			isa = PBXGroup;
			children = (
				FD7A1F651889A505E99C85F5 /* Pods-Mandam.debug.xcconfig */,
				D2B33A7B58E716CE2F269830 /* Pods-Mandam.release.xcconfig */,
			);
			path = Pods;
			sourceTree = "<group>";
		};
		74213AD62793175700596410 = {
			isa = PBXGroup;
			children = (
				74213AE12793175700596410 /* Mandam */,
				74213AE02793175700596410 /* Products */,
				59CC6258D840EC1281A112A0 /* Pods */,
				A9DB21E58936CD392517F7BF /* Frameworks */,
			);
			sourceTree = "<group>";
		};
		74213AE02793175700596410 /* Products */ = {
			isa = PBXGroup;
			children = (
				74213ADF2793175700596410 /* Mandam.app */,
			);
			name = Products;
			sourceTree = "<group>";
		};
		74213AE12793175700596410 /* Mandam */ = {
			isa = PBXGroup;
			children = (
				7440839227B294DF00A9AD12 /* Extension */,
				7440838B27AFFE6F00A9AD12 /* Model */,
				74C4631427A65BAE0005852C /* Info.plist */,
				74213AE22793175700596410 /* MandamApp.swift */,
				7440838427AFBAC700A9AD12 /* View */,
				74213AE82793175B00596410 /* Preview Content */,
			);
			path = Mandam;
			sourceTree = "<group>";
		};
		74213AE82793175B00596410 /* Preview Content */ = {
			isa = PBXGroup;
			children = (
				74213AE62793175B00596410 /* Assets.xcassets */,
				74213AE92793175B00596410 /* Preview Assets.xcassets */,
			);
			path = "Preview Content";
			sourceTree = "<group>";
		};
		7440838427AFBAC700A9AD12 /* View */ = {
			isa = PBXGroup;
			children = (
				74213AE42793175700596410 /* ContentView.swift */,
				7440838527AFBAE700A9AD12 /* Conversation */,
				7440838627AFBAF500A9AD12 /* Community */,
				7440838927AFBC1900A9AD12 /* Setting */,
				7440838A27AFBC2F00A9AD12 /* Login */,
				7440838827AFBB8100A9AD12 /* Component */,
			);
			path = View;
			sourceTree = "<group>";
		};
		7440838527AFBAE700A9AD12 /* Conversation */ = {
			isa = PBXGroup;
			children = (
				74213AF027940F9100596410 /* ConversationView.swift */,
				74D036D42798496A002FF1F6 /* ConversationRowView.swift */,
				74D036D627984DF3002FF1F6 /* ConversationRowSubView.swift */,
			);
			path = Conversation;
			sourceTree = "<group>";
		};
		7440838627AFBAF500A9AD12 /* Community */ = {
			isa = PBXGroup;
			children = (
				74213AF42794194E00596410 /* CommunityView.swift */,
				74D036D8279A56CE002FF1F6 /* CommunityRowView.swift */,
				74D036DC279C07DA002FF1F6 /* AddOpinionView.swift */,
			);
			path = Community;
			sourceTree = "<group>";
		};
		7440838727AFBB3900A9AD12 /* Filter */ = {
			isa = PBXGroup;
			children = (
				74213AF62795572400596410 /* FilterView.swift */,
			);
			path = Filter;
			sourceTree = "<group>";
		};
		7440838827AFBB8100A9AD12 /* Component */ = {
			isa = PBXGroup;
			children = (
				74213AF82795668500596410 /* SearchBar.swift */,
				7440838727AFBB3900A9AD12 /* Filter */,
			);
			path = Component;
			sourceTree = "<group>";
		};
		7440838927AFBC1900A9AD12 /* Setting */ = {
			isa = PBXGroup;
			children = (
				74D036DA279BF725002FF1F6 /* SettingView.swift */,
			);
			path = Setting;
			sourceTree = "<group>";
		};
		7440838A27AFBC2F00A9AD12 /* Login */ = {
			isa = PBXGroup;
			children = (
				74C4631227A5266A0005852C /* LoginView.swift */,
				743038A927A66747006B05D5 /* FBLoginBtn.swift */,
				743038AB27A8E744006B05D5 /* KakaoLoginBtn.swift */,
			);
			path = Login;
			sourceTree = "<group>";
		};
		7440838B27AFFE6F00A9AD12 /* Model */ = {
			isa = PBXGroup;
			children = (
				7440838D27AFFEB700A9AD12 /* SelectedFilters+Enum.swift */,
			);
			path = Model;
			sourceTree = "<group>";
		};
		7440839227B294DF00A9AD12 /* Extension */ = {
			isa = PBXGroup;
			children = (
				7440839327B294FA00A9AD12 /* ColorHex.swift */,
			);
			path = Extension;
			sourceTree = "<group>";
		};
		A9DB21E58936CD392517F7BF /* Frameworks */ = {
			isa = PBXGroup;
			children = (
				AC58D078E0CA503F3C352DAD /* Pods_Mandam.framework */,
			);
			name = Frameworks;
			sourceTree = "<group>";
		};
/* End PBXGroup section */

/* Begin PBXNativeTarget section */
		74213ADE2793175700596410 /* Mandam */ = {
			isa = PBXNativeTarget;
			buildConfigurationList = 74213AED2793175B00596410 /* Build configuration list for PBXNativeTarget "Mandam" */;
			buildPhases = (
				06A5E7FBBAD20C5E4805D02C /* [CP] Check Pods Manifest.lock */,
				74213ADB2793175700596410 /* Sources */,
				74213ADC2793175700596410 /* Frameworks */,
				74213ADD2793175700596410 /* Resources */,
				DE3C9865E600FB0A5E3BDEDA /* [CP] Embed Pods Frameworks */,
			);
			buildRules = (
			);
			dependencies = (
			);
			name = Mandam;
			packageProductDependencies = (
				74C4631027A513170005852C /* FacebookLogin */,
				743038B527A900B3006B05D5 /* KakaoSDK */,
				743038B727A900B3006B05D5 /* KakaoSDKAuth */,
				743038B927A900B3006B05D5 /* KakaoSDKCommon */,
				743038BB27A900B3006B05D5 /* KakaoSDKUser */,
				743038BE27A90ACB006B05D5 /* Alamofire */,
				7440839027B0231D00A9AD12 /* BottomSheet */,
			);
			productName = Mandam;
			productReference = 74213ADF2793175700596410 /* Mandam.app */;
			productType = "com.apple.product-type.application";
		};
/* End PBXNativeTarget section */

/* Begin PBXProject section */
		74213AD72793175700596410 /* Project object */ = {
			isa = PBXProject;
			attributes = {
				BuildIndependentTargetsInParallel = 1;
				LastSwiftUpdateCheck = 1310;
				LastUpgradeCheck = 1310;
				TargetAttributes = {
					74213ADE2793175700596410 = {
						CreatedOnToolsVersion = 13.1;
					};
				};
			};
			buildConfigurationList = 74213ADA2793175700596410 /* Build configuration list for PBXProject "Mandam" */;
			compatibilityVersion = "Xcode 13.0";
			developmentRegion = en;
			hasScannedForEncodings = 0;
			knownRegions = (
				en,
				Base,
			);
			mainGroup = 74213AD62793175700596410;
			packageReferences = (
				74C4630F27A513170005852C /* XCRemoteSwiftPackageReference "facebook-ios-sdk" */,
				743038B427A900B3006B05D5 /* XCRemoteSwiftPackageReference "kakao-ios-sdk" */,
				743038BD27A90ACB006B05D5 /* XCRemoteSwiftPackageReference "Alamofire" */,
				7440838F27B0231D00A9AD12 /* XCRemoteSwiftPackageReference "BottomSheet" */,
			);
			productRefGroup = 74213AE02793175700596410 /* Products */;
			projectDirPath = "";
			projectRoot = "";
			targets = (
				74213ADE2793175700596410 /* Mandam */,
			);
		};
/* End PBXProject section */

/* Begin PBXResourcesBuildPhase section */
		74213ADD2793175700596410 /* Resources */ = {
			isa = PBXResourcesBuildPhase;
			buildActionMask = 2147483647;
			files = (
				74213AEA2793175B00596410 /* Preview Assets.xcassets in Resources */,
				74213AE72793175B00596410 /* Assets.xcassets in Resources */,
			);
			runOnlyForDeploymentPostprocessing = 0;
		};
/* End PBXResourcesBuildPhase section */

/* Begin PBXShellScriptBuildPhase section */
		06A5E7FBBAD20C5E4805D02C /* [CP] Check Pods Manifest.lock */ = {
			isa = PBXShellScriptBuildPhase;
			buildActionMask = 2147483647;
			files = (
			);
			inputFileListPaths = (
			);
			inputPaths = (
				"${PODS_PODFILE_DIR_PATH}/Podfile.lock",
				"${PODS_ROOT}/Manifest.lock",
			);
			name = "[CP] Check Pods Manifest.lock";
			outputFileListPaths = (
			);
			outputPaths = (
				"$(DERIVED_FILE_DIR)/Pods-Mandam-checkManifestLockResult.txt",
			);
			runOnlyForDeploymentPostprocessing = 0;
			shellPath = /bin/sh;
			shellScript = "diff \"${PODS_PODFILE_DIR_PATH}/Podfile.lock\" \"${PODS_ROOT}/Manifest.lock\" > /dev/null\nif [ $? != 0 ] ; then\n    # print error to STDERR\n    echo \"error: The sandbox is not in sync with the Podfile.lock. Run 'pod install' or update your CocoaPods installation.\" >&2\n    exit 1\nfi\n# This output is used by Xcode 'outputs' to avoid re-running this script phase.\necho \"SUCCESS\" > \"${SCRIPT_OUTPUT_FILE_0}\"\n";
			showEnvVarsInLog = 0;
		};
		DE3C9865E600FB0A5E3BDEDA /* [CP] Embed Pods Frameworks */ = {
			isa = PBXShellScriptBuildPhase;
			buildActionMask = 2147483647;
			files = (
			);
			inputFileListPaths = (
				"${PODS_ROOT}/Target Support Files/Pods-Mandam/Pods-Mandam-frameworks-${CONFIGURATION}-input-files.xcfilelist",
			);
			name = "[CP] Embed Pods Frameworks";
			outputFileListPaths = (
				"${PODS_ROOT}/Target Support Files/Pods-Mandam/Pods-Mandam-frameworks-${CONFIGURATION}-output-files.xcfilelist",
			);
			runOnlyForDeploymentPostprocessing = 0;
			shellPath = /bin/sh;
			shellScript = "\"${PODS_ROOT}/Target Support Files/Pods-Mandam/Pods-Mandam-frameworks.sh\"\n";
			showEnvVarsInLog = 0;
		};
/* End PBXShellScriptBuildPhase section */

/* Begin PBXSourcesBuildPhase section */
		74213ADB2793175700596410 /* Sources */ = {
			isa = PBXSourcesBuildPhase;
			buildActionMask = 2147483647;
			files = (
				74213AE52793175700596410 /* ContentView.swift in Sources */,
				74D036D9279A56CE002FF1F6 /* CommunityRowView.swift in Sources */,
				74D036DD279C07DA002FF1F6 /* AddOpinionView.swift in Sources */,
				74D036D52798496A002FF1F6 /* ConversationRowView.swift in Sources */,
				74213AE32793175700596410 /* MandamApp.swift in Sources */,
				74213AF52794194E00596410 /* CommunityView.swift in Sources */,
				7440838E27AFFEB700A9AD12 /* SelectedFilters+Enum.swift in Sources */,
				74213AF72795572400596410 /* FilterView.swift in Sources */,
				74213AF127940F9100596410 /* ConversationView.swift in Sources */,
				74D036D727984DF3002FF1F6 /* ConversationRowSubView.swift in Sources */,
				74213AF92795668500596410 /* SearchBar.swift in Sources */,
				74D036DB279BF725002FF1F6 /* SettingView.swift in Sources */,
				74C4631327A5266A0005852C /* LoginView.swift in Sources */,
				7440839427B294FA00A9AD12 /* ColorHex.swift in Sources */,
				743038AC27A8E744006B05D5 /* KakaoLoginBtn.swift in Sources */,
				743038AA27A66747006B05D5 /* FBLoginBtn.swift in Sources */,
			);
			runOnlyForDeploymentPostprocessing = 0;
		};
/* End PBXSourcesBuildPhase section */

/* Begin XCBuildConfiguration section */
		74213AEB2793175B00596410 /* Debug */ = {
			isa = XCBuildConfiguration;
			buildSettings = {
				ALWAYS_SEARCH_USER_PATHS = NO;
				CLANG_ANALYZER_NONNULL = YES;
				CLANG_ANALYZER_NUMBER_OBJECT_CONVERSION = YES_AGGRESSIVE;
				CLANG_CXX_LANGUAGE_STANDARD = "gnu++17";
				CLANG_CXX_LIBRARY = "libc++";
				CLANG_ENABLE_MODULES = YES;
				CLANG_ENABLE_OBJC_ARC = YES;
				CLANG_ENABLE_OBJC_WEAK = YES;
				CLANG_WARN_BLOCK_CAPTURE_AUTORELEASING = YES;
				CLANG_WARN_BOOL_CONVERSION = YES;
				CLANG_WARN_COMMA = YES;
				CLANG_WARN_CONSTANT_CONVERSION = YES;
				CLANG_WARN_DEPRECATED_OBJC_IMPLEMENTATIONS = YES;
				CLANG_WARN_DIRECT_OBJC_ISA_USAGE = YES_ERROR;
				CLANG_WARN_DOCUMENTATION_COMMENTS = YES;
				CLANG_WARN_EMPTY_BODY = YES;
				CLANG_WARN_ENUM_CONVERSION = YES;
				CLANG_WARN_INFINITE_RECURSION = YES;
				CLANG_WARN_INT_CONVERSION = YES;
				CLANG_WARN_NON_LITERAL_NULL_CONVERSION = YES;
				CLANG_WARN_OBJC_IMPLICIT_RETAIN_SELF = YES;
				CLANG_WARN_OBJC_LITERAL_CONVERSION = YES;
				CLANG_WARN_OBJC_ROOT_CLASS = YES_ERROR;
				CLANG_WARN_QUOTED_INCLUDE_IN_FRAMEWORK_HEADER = YES;
				CLANG_WARN_RANGE_LOOP_ANALYSIS = YES;
				CLANG_WARN_STRICT_PROTOTYPES = YES;
				CLANG_WARN_SUSPICIOUS_MOVE = YES;
				CLANG_WARN_UNGUARDED_AVAILABILITY = YES_AGGRESSIVE;
				CLANG_WARN_UNREACHABLE_CODE = YES;
				CLANG_WARN__DUPLICATE_METHOD_MATCH = YES;
				COPY_PHASE_STRIP = NO;
				DEBUG_INFORMATION_FORMAT = dwarf;
				ENABLE_STRICT_OBJC_MSGSEND = YES;
				ENABLE_TESTABILITY = YES;
				GCC_C_LANGUAGE_STANDARD = gnu11;
				GCC_DYNAMIC_NO_PIC = NO;
				GCC_NO_COMMON_BLOCKS = YES;
				GCC_OPTIMIZATION_LEVEL = 0;
				GCC_PREPROCESSOR_DEFINITIONS = (
					"DEBUG=1",
					"$(inherited)",
				);
				GCC_WARN_64_TO_32_BIT_CONVERSION = YES;
				GCC_WARN_ABOUT_RETURN_TYPE = YES_ERROR;
				GCC_WARN_UNDECLARED_SELECTOR = YES;
				GCC_WARN_UNINITIALIZED_AUTOS = YES_AGGRESSIVE;
				GCC_WARN_UNUSED_FUNCTION = YES;
				GCC_WARN_UNUSED_VARIABLE = YES;
				IPHONEOS_DEPLOYMENT_TARGET = 15.0;
				MTL_ENABLE_DEBUG_INFO = INCLUDE_SOURCE;
				MTL_FAST_MATH = YES;
				ONLY_ACTIVE_ARCH = YES;
				SDKROOT = iphoneos;
				SWIFT_ACTIVE_COMPILATION_CONDITIONS = DEBUG;
				SWIFT_OPTIMIZATION_LEVEL = "-Onone";
			};
			name = Debug;
		};
		74213AEC2793175B00596410 /* Release */ = {
			isa = XCBuildConfiguration;
			buildSettings = {
				ALWAYS_SEARCH_USER_PATHS = NO;
				CLANG_ANALYZER_NONNULL = YES;
				CLANG_ANALYZER_NUMBER_OBJECT_CONVERSION = YES_AGGRESSIVE;
				CLANG_CXX_LANGUAGE_STANDARD = "gnu++17";
				CLANG_CXX_LIBRARY = "libc++";
				CLANG_ENABLE_MODULES = YES;
				CLANG_ENABLE_OBJC_ARC = YES;
				CLANG_ENABLE_OBJC_WEAK = YES;
				CLANG_WARN_BLOCK_CAPTURE_AUTORELEASING = YES;
				CLANG_WARN_BOOL_CONVERSION = YES;
				CLANG_WARN_COMMA = YES;
				CLANG_WARN_CONSTANT_CONVERSION = YES;
				CLANG_WARN_DEPRECATED_OBJC_IMPLEMENTATIONS = YES;
				CLANG_WARN_DIRECT_OBJC_ISA_USAGE = YES_ERROR;
				CLANG_WARN_DOCUMENTATION_COMMENTS = YES;
				CLANG_WARN_EMPTY_BODY = YES;
				CLANG_WARN_ENUM_CONVERSION = YES;
				CLANG_WARN_INFINITE_RECURSION = YES;
				CLANG_WARN_INT_CONVERSION = YES;
				CLANG_WARN_NON_LITERAL_NULL_CONVERSION = YES;
				CLANG_WARN_OBJC_IMPLICIT_RETAIN_SELF = YES;
				CLANG_WARN_OBJC_LITERAL_CONVERSION = YES;
				CLANG_WARN_OBJC_ROOT_CLASS = YES_ERROR;
				CLANG_WARN_QUOTED_INCLUDE_IN_FRAMEWORK_HEADER = YES;
				CLANG_WARN_RANGE_LOOP_ANALYSIS = YES;
				CLANG_WARN_STRICT_PROTOTYPES = YES;
				CLANG_WARN_SUSPICIOUS_MOVE = YES;
				CLANG_WARN_UNGUARDED_AVAILABILITY = YES_AGGRESSIVE;
				CLANG_WARN_UNREACHABLE_CODE = YES;
				CLANG_WARN__DUPLICATE_METHOD_MATCH = YES;
				COPY_PHASE_STRIP = NO;
				DEBUG_INFORMATION_FORMAT = "dwarf-with-dsym";
				ENABLE_NS_ASSERTIONS = NO;
				ENABLE_STRICT_OBJC_MSGSEND = YES;
				GCC_C_LANGUAGE_STANDARD = gnu11;
				GCC_NO_COMMON_BLOCKS = YES;
				GCC_WARN_64_TO_32_BIT_CONVERSION = YES;
				GCC_WARN_ABOUT_RETURN_TYPE = YES_ERROR;
				GCC_WARN_UNDECLARED_SELECTOR = YES;
				GCC_WARN_UNINITIALIZED_AUTOS = YES_AGGRESSIVE;
				GCC_WARN_UNUSED_FUNCTION = YES;
				GCC_WARN_UNUSED_VARIABLE = YES;
				IPHONEOS_DEPLOYMENT_TARGET = 15.0;
				MTL_ENABLE_DEBUG_INFO = NO;
				MTL_FAST_MATH = YES;
				SDKROOT = iphoneos;
				SWIFT_COMPILATION_MODE = wholemodule;
				SWIFT_OPTIMIZATION_LEVEL = "-O";
				VALIDATE_PRODUCT = YES;
			};
			name = Release;
		};
		74213AEE2793175B00596410 /* Debug */ = {
			isa = XCBuildConfiguration;
			baseConfigurationReference = FD7A1F651889A505E99C85F5 /* Pods-Mandam.debug.xcconfig */;
			buildSettings = {
				ASSETCATALOG_COMPILER_APPICON_NAME = AppIcon;
				ASSETCATALOG_COMPILER_GLOBAL_ACCENT_COLOR_NAME = AccentColor;
				CODE_SIGN_STYLE = Automatic;
				CURRENT_PROJECT_VERSION = 1;
				DEVELOPMENT_ASSET_PATHS = "\"Mandam/Preview Content\"";
				DEVELOPMENT_TEAM = WYMZZ4Z5Z5;
				ENABLE_PREVIEWS = YES;
				GENERATE_INFOPLIST_FILE = YES;
				INFOPLIST_FILE = Mandam/Info.plist;
				INFOPLIST_KEY_CFBundleDisplayName = "";
				INFOPLIST_KEY_LSApplicationCategoryType = "";
				INFOPLIST_KEY_NSFileProviderDomainUsageDescription = "";
				INFOPLIST_KEY_UIApplicationSceneManifest_Generation = YES;
				INFOPLIST_KEY_UIApplicationSupportsIndirectInputEvents = YES;
				INFOPLIST_KEY_UILaunchScreen_Generation = YES;
				INFOPLIST_KEY_UISupportedInterfaceOrientations_iPad = "UIInterfaceOrientationPortrait UIInterfaceOrientationPortraitUpsideDown UIInterfaceOrientationLandscapeRight UIInterfaceOrientationLandscapeRight";
				INFOPLIST_KEY_UISupportedInterfaceOrientations_iPhone = "UIInterfaceOrientationPortrait UIInterfaceOrientationLandscapeLeft UIInterfaceOrientationLandscapeRight";
				LD_RUNPATH_SEARCH_PATHS = (
					"$(inherited)",
					"@executable_path/Frameworks",
				);
				MARKETING_VERSION = 1.0;
				PRODUCT_BUNDLE_IDENTIFIER = com.hongseeun.Mandam;
				PRODUCT_NAME = "$(TARGET_NAME)";
				SWIFT_EMIT_LOC_STRINGS = YES;
				SWIFT_VERSION = 5.0;
				TARGETED_DEVICE_FAMILY = "1,2";
			};
			name = Debug;
		};
		74213AEF2793175B00596410 /* Release */ = {
			isa = XCBuildConfiguration;
			baseConfigurationReference = D2B33A7B58E716CE2F269830 /* Pods-Mandam.release.xcconfig */;
			buildSettings = {
				ASSETCATALOG_COMPILER_APPICON_NAME = AppIcon;
				ASSETCATALOG_COMPILER_GLOBAL_ACCENT_COLOR_NAME = AccentColor;
				CODE_SIGN_STYLE = Automatic;
				CURRENT_PROJECT_VERSION = 1;
				DEVELOPMENT_ASSET_PATHS = "\"Mandam/Preview Content\"";
				DEVELOPMENT_TEAM = WYMZZ4Z5Z5;
				ENABLE_PREVIEWS = YES;
				GENERATE_INFOPLIST_FILE = YES;
				INFOPLIST_FILE = Mandam/Info.plist;
				INFOPLIST_KEY_CFBundleDisplayName = "";
				INFOPLIST_KEY_LSApplicationCategoryType = "";
				INFOPLIST_KEY_NSFileProviderDomainUsageDescription = "";
				INFOPLIST_KEY_UIApplicationSceneManifest_Generation = YES;
				INFOPLIST_KEY_UIApplicationSupportsIndirectInputEvents = YES;
				INFOPLIST_KEY_UILaunchScreen_Generation = YES;
				INFOPLIST_KEY_UISupportedInterfaceOrientations_iPad = "UIInterfaceOrientationPortrait UIInterfaceOrientationPortraitUpsideDown UIInterfaceOrientationLandscapeRight UIInterfaceOrientationLandscapeRight";
				INFOPLIST_KEY_UISupportedInterfaceOrientations_iPhone = "UIInterfaceOrientationPortrait UIInterfaceOrientationLandscapeLeft UIInterfaceOrientationLandscapeRight";
				LD_RUNPATH_SEARCH_PATHS = (
					"$(inherited)",
					"@executable_path/Frameworks",
				);
				MARKETING_VERSION = 1.0;
				PRODUCT_BUNDLE_IDENTIFIER = com.hongseeun.Mandam;
				PRODUCT_NAME = "$(TARGET_NAME)";
				SWIFT_EMIT_LOC_STRINGS = YES;
				SWIFT_VERSION = 5.0;
				TARGETED_DEVICE_FAMILY = "1,2";
			};
			name = Release;
		};
/* End XCBuildConfiguration section */

/* Begin XCConfigurationList section */
		74213ADA2793175700596410 /* Build configuration list for PBXProject "Mandam" */ = {
			isa = XCConfigurationList;
			buildConfigurations = (
				74213AEB2793175B00596410 /* Debug */,
				74213AEC2793175B00596410 /* Release */,
			);
			defaultConfigurationIsVisible = 0;
			defaultConfigurationName = Release;
		};
		74213AED2793175B00596410 /* Build configuration list for PBXNativeTarget "Mandam" */ = {
			isa = XCConfigurationList;
			buildConfigurations = (
				74213AEE2793175B00596410 /* Debug */,
				74213AEF2793175B00596410 /* Release */,
			);
			defaultConfigurationIsVisible = 0;
			defaultConfigurationName = Release;
		};
/* End XCConfigurationList section */

/* Begin XCRemoteSwiftPackageReference section */
		743038B427A900B3006B05D5 /* XCRemoteSwiftPackageReference "kakao-ios-sdk" */ = {
			isa = XCRemoteSwiftPackageReference;
			repositoryURL = "https://github.com/kakao/kakao-ios-sdk";
			requirement = {
				branch = master;
				kind = branch;
			};
		};
		743038BD27A90ACB006B05D5 /* XCRemoteSwiftPackageReference "Alamofire" */ = {
			isa = XCRemoteSwiftPackageReference;
			repositoryURL = "https://github.com/Alamofire/Alamofire.git";
			requirement = {
				kind = upToNextMajorVersion;
				minimumVersion = 5.0.0;
			};
		};
		7440838F27B0231D00A9AD12 /* XCRemoteSwiftPackageReference "BottomSheet" */ = {
			isa = XCRemoteSwiftPackageReference;
			repositoryURL = "https://github.com/LucasMucGH/BottomSheet";
			requirement = {
				branch = main;
				kind = branch;
			};
		};
		74C4630F27A513170005852C /* XCRemoteSwiftPackageReference "facebook-ios-sdk" */ = {
			isa = XCRemoteSwiftPackageReference;
			repositoryURL = "https://github.com/facebook/facebook-ios-sdk";
			requirement = {
				kind = upToNextMajorVersion;
				minimumVersion = 9.0.0;
			};
		};
/* End XCRemoteSwiftPackageReference section */

/* Begin XCSwiftPackageProductDependency section */
		743038B527A900B3006B05D5 /* KakaoSDK */ = {
			isa = XCSwiftPackageProductDependency;
			package = 743038B427A900B3006B05D5 /* XCRemoteSwiftPackageReference "kakao-ios-sdk" */;
			productName = KakaoSDK;
		};
		743038B727A900B3006B05D5 /* KakaoSDKAuth */ = {
			isa = XCSwiftPackageProductDependency;
			package = 743038B427A900B3006B05D5 /* XCRemoteSwiftPackageReference "kakao-ios-sdk" */;
			productName = KakaoSDKAuth;
		};
		743038B927A900B3006B05D5 /* KakaoSDKCommon */ = {
			isa = XCSwiftPackageProductDependency;
			package = 743038B427A900B3006B05D5 /* XCRemoteSwiftPackageReference "kakao-ios-sdk" */;
			productName = KakaoSDKCommon;
		};
		743038BB27A900B3006B05D5 /* KakaoSDKUser */ = {
			isa = XCSwiftPackageProductDependency;
			package = 743038B427A900B3006B05D5 /* XCRemoteSwiftPackageReference "kakao-ios-sdk" */;
			productName = KakaoSDKUser;
		};
		743038BE27A90ACB006B05D5 /* Alamofire */ = {
			isa = XCSwiftPackageProductDependency;
			package = 743038BD27A90ACB006B05D5 /* XCRemoteSwiftPackageReference "Alamofire" */;
			productName = Alamofire;
		};
		7440839027B0231D00A9AD12 /* BottomSheet */ = {
			isa = XCSwiftPackageProductDependency;
			package = 7440838F27B0231D00A9AD12 /* XCRemoteSwiftPackageReference "BottomSheet" */;
			productName = BottomSheet;
		};
		74C4631027A513170005852C /* FacebookLogin */ = {
			isa = XCSwiftPackageProductDependency;
			package = 74C4630F27A513170005852C /* XCRemoteSwiftPackageReference "facebook-ios-sdk" */;
			productName = FacebookLogin;
		};
/* End XCSwiftPackageProductDependency section */
	};
	rootObject = 74213AD72793175700596410 /* Project object */;
}
